
Microsoft Visual Studio Solution File, Format Version 12.00
# Visual Studio 14
VisualStudioVersion = 14.0.25420.1
MinimumVisualStudioVersion = 10.0.40219.1
Project("{FAE04EC0-301F-11D3-BF4B-00C04F79EFBC}") = "Zaszyfrowanie", "Zaszyfrowanie\Zaszyfrowanie.csproj", "{A8DFAC88-F996-495E-B110-6525BB033F4D}"
EndProject
Global
	GlobalSection(SolutionConfigurationPlatforms) = preSolution
		Debug|Any CPU = Debug|Any CPU
		Release|Any CPU = Release|Any CPU
	EndGlobalSection
	GlobalSection(ProjectConfigurationPlatforms) = postSolution
		{A8DFAC88-F996-495E-B110-6525BB033F4D}.Debug|Any CPU.ActiveCfg = Debug|Any CPU
		{A8DFAC88-F996-495E-B110-6525BB033F4D}.Debug|Any CPU.Build.0 = Debug|Any CPU
		{A8DFAC88-F996-495E-B110-6525BB033F4D}.Release|Any CPU.ActiveCfg = Release|Any CPU
		{A8DFAC88-F996-495E-B110-6525BB033F4D}.Release|Any CPU.Build.0 = Release|Any CPU
	EndGlobalSection
	GlobalSection(SolutionProperties) = preSolution
		HideSolutionNode = FALSE
	EndGlobalSection
EndGlobal
